// !$*UTF8*$!
{
	archiveVersion = 1;
	classes = {
	};
	objectVersion = 55;
	objects = {

/* Begin PBXBuildFile section */
		2A8B69442813E95A00F62BAD /* Tests_iOS.swift in Sources */ = {isa = PBXBuildFile; fileRef = 2A8B69432813E95A00F62BAD /* Tests_iOS.swift */; };
		2A8B69462813E95A00F62BAD /* Tests_iOSLaunchTests.swift in Sources */ = {isa = PBXBuildFile; fileRef = 2A8B69452813E95A00F62BAD /* Tests_iOSLaunchTests.swift */; };
		2A8B69502813E95A00F62BAD /* Tests_macOS.swift in Sources */ = {isa = PBXBuildFile; fileRef = 2A8B694F2813E95A00F62BAD /* Tests_macOS.swift */; };
		2A8B69522813E95A00F62BAD /* Tests_macOSLaunchTests.swift in Sources */ = {isa = PBXBuildFile; fileRef = 2A8B69512813E95A00F62BAD /* Tests_macOSLaunchTests.swift */; };
		2A8B69532813E95A00F62BAD /* voting_appApp.swift in Sources */ = {isa = PBXBuildFile; fileRef = 2A8B692B2813E95700F62BAD /* voting_appApp.swift */; };
		2A8B69542813E95A00F62BAD /* voting_appApp.swift in Sources */ = {isa = PBXBuildFile; fileRef = 2A8B692B2813E95700F62BAD /* voting_appApp.swift */; };
		2A8B69552813E95A00F62BAD /* ContentView.swift in Sources */ = {isa = PBXBuildFile; fileRef = 2A8B692C2813E95700F62BAD /* ContentView.swift */; };
		2A8B69562813E95A00F62BAD /* ContentView.swift in Sources */ = {isa = PBXBuildFile; fileRef = 2A8B692C2813E95700F62BAD /* ContentView.swift */; };
		2A8B69572813E95A00F62BAD /* Assets.xcassets in Resources */ = {isa = PBXBuildFile; fileRef = 2A8B692D2813E95A00F62BAD /* Assets.xcassets */; };
		2A8B69582813E95A00F62BAD /* Assets.xcassets in Resources */ = {isa = PBXBuildFile; fileRef = 2A8B692D2813E95A00F62BAD /* Assets.xcassets */; };
/* End PBXBuildFile section */

/* Begin PBXContainerItemProxy section */
		2A8B69402813E95A00F62BAD /* PBXContainerItemProxy */ = {
			isa = PBXContainerItemProxy;
			containerPortal = 2A8B69262813E95700F62BAD /* Project object */;
			proxyType = 1;
			remoteGlobalIDString = 2A8B69312813E95A00F62BAD;
			remoteInfo = "voting_app (iOS)";
		};
		2A8B694C2813E95A00F62BAD /* PBXContainerItemProxy */ = {
			isa = PBXContainerItemProxy;
			containerPortal = 2A8B69262813E95700F62BAD /* Project object */;
			proxyType = 1;
			remoteGlobalIDString = 2A8B69372813E95A00F62BAD;
			remoteInfo = "voting_app (macOS)";
		};
/* End PBXContainerItemProxy section */

/* Begin PBXFileReference section */
		2A8B692B2813E95700F62BAD /* voting_appApp.swift */ = {isa = PBXFileReference; lastKnownFileType = sourcecode.swift; path = voting_appApp.swift; sourceTree = "<group>"; };
		2A8B692C2813E95700F62BAD /* ContentView.swift */ = {isa = PBXFileReference; lastKnownFileType = sourcecode.swift; path = ContentView.swift; sourceTree = "<group>"; };
		2A8B692D2813E95A00F62BAD /* Assets.xcassets */ = {isa = PBXFileReference; lastKnownFileType = folder.assetcatalog; path = Assets.xcassets; sourceTree = "<group>"; };
		2A8B69322813E95A00F62BAD /* voting_app.app */ = {isa = PBXFileReference; explicitFileType = wrapper.application; includeInIndex = 0; path = voting_app.app; sourceTree = BUILT_PRODUCTS_DIR; };
		2A8B69382813E95A00F62BAD /* voting_app.app */ = {isa = PBXFileReference; explicitFileType = wrapper.application; includeInIndex = 0; path = voting_app.app; sourceTree = BUILT_PRODUCTS_DIR; };
		2A8B693A2813E95A00F62BAD /* macOS.entitlements */ = {isa = PBXFileReference; lastKnownFileType = text.plist.entitlements; path = macOS.entitlements; sourceTree = "<group>"; };
		2A8B693F2813E95A00F62BAD /* Tests iOS.xctest */ = {isa = PBXFileReference; explicitFileType = wrapper.cfbundle; includeInIndex = 0; path = "Tests iOS.xctest"; sourceTree = BUILT_PRODUCTS_DIR; };
		2A8B69432813E95A00F62BAD /* Tests_iOS.swift */ = {isa = PBXFileReference; lastKnownFileType = sourcecode.swift; path = Tests_iOS.swift; sourceTree = "<group>"; };
		2A8B69452813E95A00F62BAD /* Tests_iOSLaunchTests.swift */ = {isa = PBXFileReference; lastKnownFileType = sourcecode.swift; path = Tests_iOSLaunchTests.swift; sourceTree = "<group>"; };
		2A8B694B2813E95A00F62BAD /* Tests macOS.xctest */ = {isa = PBXFileReference; explicitFileType = wrapper.cfbundle; includeInIndex = 0; path = "Tests macOS.xctest"; sourceTree = BUILT_PRODUCTS_DIR; };
		2A8B694F2813E95A00F62BAD /* Tests_macOS.swift */ = {isa = PBXFileReference; lastKnownFileType = sourcecode.swift; path = Tests_macOS.swift; sourceTree = "<group>"; };
		2A8B69512813E95A00F62BAD /* Tests_macOSLaunchTests.swift */ = {isa = PBXFileReference; lastKnownFileType = sourcecode.swift; path = Tests_macOSLaunchTests.swift; sourceTree = "<group>"; };
/* End PBXFileReference section */

/* Begin PBXFrameworksBuildPhase section */
		2A8B692F2813E95A00F62BAD /* Frameworks */ = {
			isa = PBXFrameworksBuildPhase;
			buildActionMask = 2147483647;
			files = (
			);
			runOnlyForDeploymentPostprocessing = 0;
		};
		2A8B69352813E95A00F62BAD /* Frameworks */ = {
			isa = PBXFrameworksBuildPhase;
			buildActionMask = 2147483647;
			files = (
			);
			runOnlyForDeploymentPostprocessing = 0;
		};
		2A8B693C2813E95A00F62BAD /* Frameworks */ = {
			isa = PBXFrameworksBuildPhase;
			buildActionMask = 2147483647;
			files = (
			);
			runOnlyForDeploymentPostprocessing = 0;
		};
		2A8B69482813E95A00F62BAD /* Frameworks */ = {
			isa = PBXFrameworksBuildPhase;
			buildActionMask = 2147483647;
			files = (
			);
			runOnlyForDeploymentPostprocessing = 0;
		};
/* End PBXFrameworksBuildPhase section */

/* Begin PBXGroup section */
		2A8B69252813E95700F62BAD = {
			isa = PBXGroup;
			children = (
				2A8B692A2813E95700F62BAD /* Shared */,
				2A8B69392813E95A00F62BAD /* macOS */,
				2A8B69422813E95A00F62BAD /* Tests iOS */,
				2A8B694E2813E95A00F62BAD /* Tests macOS */,
				2A8B69332813E95A00F62BAD /* Products */,
			);
			sourceTree = "<group>";
		};
		2A8B692A2813E95700F62BAD /* Shared */ = {
			isa = PBXGroup;
			children = (
				2A8B692B2813E95700F62BAD /* voting_appApp.swift */,
				2A8B692C2813E95700F62BAD /* ContentView.swift */,
				2A8B692D2813E95A00F62BAD /* Assets.xcassets */,
			);
			path = Shared;
			sourceTree = "<group>";
		};
		2A8B69332813E95A00F62BAD /* Products */ = {
			isa = PBXGroup;
			children = (
				2A8B69322813E95A00F62BAD /* voting_app.app */,
				2A8B69382813E95A00F62BAD /* voting_app.app */,
				2A8B693F2813E95A00F62BAD /* Tests iOS.xctest */,
				2A8B694B2813E95A00F62BAD /* Tests macOS.xctest */,
			);
			name = Products;
			sourceTree = "<group>";
		};
		2A8B69392813E95A00F62BAD /* macOS */ = {
			isa = PBXGroup;
			children = (
				2A8B693A2813E95A00F62BAD /* macOS.entitlements */,
			);
			path = macOS;
			sourceTree = "<group>";
		};
		2A8B69422813E95A00F62BAD /* Tests iOS */ = {
			isa = PBXGroup;
			children = (
				2A8B69432813E95A00F62BAD /* Tests_iOS.swift */,
				2A8B69452813E95A00F62BAD /* Tests_iOSLaunchTests.swift */,
			);
			path = "Tests iOS";
			sourceTree = "<group>";
		};
		2A8B694E2813E95A00F62BAD /* Tests macOS */ = {
			isa = PBXGroup;
			children = (
				2A8B694F2813E95A00F62BAD /* Tests_macOS.swift */,
				2A8B69512813E95A00F62BAD /* Tests_macOSLaunchTests.swift */,
			);
			path = "Tests macOS";
			sourceTree = "<group>";
		};
/* End PBXGroup section */

/* Begin PBXNativeTarget section */
		2A8B69312813E95A00F62BAD /* voting_app (iOS) */ = {
			isa = PBXNativeTarget;
			buildConfigurationList = 2A8B695B2813E95A00F62BAD /* Build configuration list for PBXNativeTarget "voting_app (iOS)" */;
			buildPhases = (
				2A8B692E2813E95A00F62BAD /* Sources */,
				2A8B692F2813E95A00F62BAD /* Frameworks */,
				2A8B69302813E95A00F62BAD /* Resources */,
			);
			buildRules = (
			);
			dependencies = (
			);
			name = "voting_app (iOS)";
			productName = "voting_app (iOS)";
			productReference = 2A8B69322813E95A00F62BAD /* voting_app.app */;
			productType = "com.apple.product-type.application";
		};
		2A8B69372813E95A00F62BAD /* voting_app (macOS) */ = {
			isa = PBXNativeTarget;
			buildConfigurationList = 2A8B695E2813E95A00F62BAD /* Build configuration list for PBXNativeTarget "voting_app (macOS)" */;
			buildPhases = (
				2A8B69342813E95A00F62BAD /* Sources */,
				2A8B69352813E95A00F62BAD /* Frameworks */,
				2A8B69362813E95A00F62BAD /* Resources */,
			);
			buildRules = (
			);
			dependencies = (
			);
			name = "voting_app (macOS)";
			productName = "voting_app (macOS)";
			productReference = 2A8B69382813E95A00F62BAD /* voting_app.app */;
			productType = "com.apple.product-type.application";
		};
		2A8B693E2813E95A00F62BAD /* Tests iOS */ = {
			isa = PBXNativeTarget;
			buildConfigurationList = 2A8B69612813E95A00F62BAD /* Build configuration list for PBXNativeTarget "Tests iOS" */;
			buildPhases = (
				2A8B693B2813E95A00F62BAD /* Sources */,
				2A8B693C2813E95A00F62BAD /* Frameworks */,
				2A8B693D2813E95A00F62BAD /* Resources */,
			);
			buildRules = (
			);
			dependencies = (
				2A8B69412813E95A00F62BAD /* PBXTargetDependency */,
			);
			name = "Tests iOS";
			productName = "Tests iOS";
			productReference = 2A8B693F2813E95A00F62BAD /* Tests iOS.xctest */;
			productType = "com.apple.product-type.bundle.ui-testing";
		};
		2A8B694A2813E95A00F62BAD /* Tests macOS */ = {
			isa = PBXNativeTarget;
			buildConfigurationList = 2A8B69642813E95A00F62BAD /* Build configuration list for PBXNativeTarget "Tests macOS" */;
			buildPhases = (
				2A8B69472813E95A00F62BAD /* Sources */,
				2A8B69482813E95A00F62BAD /* Frameworks */,
				2A8B69492813E95A00F62BAD /* Resources */,
			);
			buildRules = (
			);
			dependencies = (
				2A8B694D2813E95A00F62BAD /* PBXTargetDependency */,
			);
			name = "Tests macOS";
			productName = "Tests macOS";
			productReference = 2A8B694B2813E95A00F62BAD /* Tests macOS.xctest */;
			productType = "com.apple.product-type.bundle.ui-testing";
		};
/* End PBXNativeTarget section */

/* Begin PBXProject section */
		2A8B69262813E95700F62BAD /* Project object */ = {
			isa = PBXProject;
			attributes = {
				BuildIndependentTargetsInParallel = 1;
				LastSwiftUpdateCheck = 1330;
				LastUpgradeCheck = 1330;
				TargetAttributes = {
					2A8B69312813E95A00F62BAD = {
						CreatedOnToolsVersion = 13.3;
					};
					2A8B69372813E95A00F62BAD = {
						CreatedOnToolsVersion = 13.3;
					};
					2A8B693E2813E95A00F62BAD = {
						CreatedOnToolsVersion = 13.3;
						TestTargetID = 2A8B69312813E95A00F62BAD;
					};
					2A8B694A2813E95A00F62BAD = {
						CreatedOnToolsVersion = 13.3;
						TestTargetID = 2A8B69372813E95A00F62BAD;
					};
				};
			};
			buildConfigurationList = 2A8B69292813E95700F62BAD /* Build configuration list for PBXProject "voting_app" */;
			compatibilityVersion = "Xcode 13.0";
			developmentRegion = en;
			hasScannedForEncodings = 0;
			knownRegions = (
				en,
				Base,
			);
			mainGroup = 2A8B69252813E95700F62BAD;
			productRefGroup = 2A8B69332813E95A00F62BAD /* Products */;
			projectDirPath = "";
			projectRoot = "";
			targets = (
				2A8B69312813E95A00F62BAD /* voting_app (iOS) */,
				2A8B69372813E95A00F62BAD /* voting_app (macOS) */,
				2A8B693E2813E95A00F62BAD /* Tests iOS */,
				2A8B694A2813E95A00F62BAD /* Tests macOS */,
			);
		};
/* End PBXProject section */

/* Begin PBXResourcesBuildPhase section */
		2A8B69302813E95A00F62BAD /* Resources */ = {
			isa = PBXResourcesBuildPhase;
			buildActionMask = 2147483647;
			files = (
				2A8B69572813E95A00F62BAD /* Assets.xcassets in Resources */,
			);
			runOnlyForDeploymentPostprocessing = 0;
		};
		2A8B69362813E95A00F62BAD /* Resources */ = {
			isa = PBXResourcesBuildPhase;
			buildActionMask = 2147483647;
			files = (
				2A8B69582813E95A00F62BAD /* Assets.xcassets in Resources */,
			);
			runOnlyForDeploymentPostprocessing = 0;
		};
		2A8B693D2813E95A00F62BAD /* Resources */ = {
			isa = PBXResourcesBuildPhase;
			buildActionMask = 2147483647;
			files = (
			);
			runOnlyForDeploymentPostprocessing = 0;
		};
		2A8B69492813E95A00F62BAD /* Resources */ = {
			isa = PBXResourcesBuildPhase;
			buildActionMask = 2147483647;
			files = (
			);
			runOnlyForDeploymentPostprocessing = 0;
		};
/* End PBXResourcesBuildPhase section */

/* Begin PBXSourcesBuildPhase section */
		2A8B692E2813E95A00F62BAD /* Sources */ = {
			isa = PBXSourcesBuildPhase;
			buildActionMask = 2147483647;
			files = (
				2A8B69552813E95A00F62BAD /* ContentView.swift in Sources */,
				2A8B69532813E95A00F62BAD /* voting_appApp.swift in Sources */,
			);
			runOnlyForDeploymentPostprocessing = 0;
		};
		2A8B69342813E95A00F62BAD /* Sources */ = {
			isa = PBXSourcesBuildPhase;
			buildActionMask = 2147483647;
			files = (
				2A8B69562813E95A00F62BAD /* ContentView.swift in Sources */,
				2A8B69542813E95A00F62BAD /* voting_appApp.swift in Sources */,
			);
			runOnlyForDeploymentPostprocessing = 0;
		};
		2A8B693B2813E95A00F62BAD /* Sources */ = {
			isa = PBXSourcesBuildPhase;
			buildActionMask = 2147483647;
			files = (
				2A8B69462813E95A00F62BAD /* Tests_iOSLaunchTests.swift in Sources */,
				2A8B69442813E95A00F62BAD /* Tests_iOS.swift in Sources */,
			);
			runOnlyForDeploymentPostprocessing = 0;
		};
		2A8B69472813E95A00F62BAD /* Sources */ = {
			isa = PBXSourcesBuildPhase;
			buildActionMask = 2147483647;
			files = (
				2A8B69522813E95A00F62BAD /* Tests_macOSLaunchTests.swift in Sources */,
				2A8B69502813E95A00F62BAD /* Tests_macOS.swift in Sources */,
			);
			runOnlyForDeploymentPostprocessing = 0;
		};
/* End PBXSourcesBuildPhase section */

/* Begin PBXTargetDependency section */
		2A8B69412813E95A00F62BAD /* PBXTargetDependency */ = {
			isa = PBXTargetDependency;
			target = 2A8B69312813E95A00F62BAD /* voting_app (iOS) */;
			targetProxy = 2A8B69402813E95A00F62BAD /* PBXContainerItemProxy */;
		};
		2A8B694D2813E95A00F62BAD /* PBXTargetDependency */ = {
			isa = PBXTargetDependency;
			target = 2A8B69372813E95A00F62BAD /* voting_app (macOS) */;
			targetProxy = 2A8B694C2813E95A00F62BAD /* PBXContainerItemProxy */;
		};
/* End PBXTargetDependency section */

/* Begin XCBuildConfiguration section */
		2A8B69592813E95A00F62BAD /* Debug */ = {
			isa = XCBuildConfiguration;
			buildSettings = {
				ALWAYS_SEARCH_USER_PATHS = NO;
				CLANG_ANALYZER_NONNULL = YES;
				CLANG_ANALYZER_NUMBER_OBJECT_CONVERSION = YES_AGGRESSIVE;
				CLANG_CXX_LANGUAGE_STANDARD = "gnu++17";
				CLANG_ENABLE_MODULES = YES;
				CLANG_ENABLE_OBJC_ARC = YES;
				CLANG_ENABLE_OBJC_WEAK = YES;
				CLANG_WARN_BLOCK_CAPTURE_AUTORELEASING = YES;
				CLANG_WARN_BOOL_CONVERSION = YES;
				CLANG_WARN_COMMA = YES;
				CLANG_WARN_CONSTANT_CONVERSION = YES;
				CLANG_WARN_DEPRECATED_OBJC_IMPLEMENTATIONS = YES;
				CLANG_WARN_DIRECT_OBJC_ISA_USAGE = YES_ERROR;
				CLANG_WARN_DOCUMENTATION_COMMENTS = YES;
				CLANG_WARN_EMPTY_BODY = YES;
				CLANG_WARN_ENUM_CONVERSION = YES;
				CLANG_WARN_INFINITE_RECURSION = YES;
				CLANG_WARN_INT_CONVERSION = YES;
				CLANG_WARN_NON_LITERAL_NULL_CONVERSION = YES;
				CLANG_WARN_OBJC_IMPLICIT_RETAIN_SELF = YES;
				CLANG_WARN_OBJC_LITERAL_CONVERSION = YES;
				CLANG_WARN_OBJC_ROOT_CLASS = YES_ERROR;
				CLANG_WARN_QUOTED_INCLUDE_IN_FRAMEWORK_HEADER = YES;
				CLANG_WARN_RANGE_LOOP_ANALYSIS = YES;
				CLANG_WARN_STRICT_PROTOTYPES = YES;
				CLANG_WARN_SUSPICIOUS_MOVE = YES;
				CLANG_WARN_UNGUARDED_AVAILABILITY = YES_AGGRESSIVE;
				CLANG_WARN_UNREACHABLE_CODE = YES;
				CLANG_WARN__DUPLICATE_METHOD_MATCH = YES;
				COPY_PHASE_STRIP = NO;
				DEBUG_INFORMATION_FORMAT = dwarf;
				ENABLE_STRICT_OBJC_MSGSEND = YES;
				ENABLE_TESTABILITY = YES;
				GCC_C_LANGUAGE_STANDARD = gnu11;
				GCC_DYNAMIC_NO_PIC = NO;
				GCC_NO_COMMON_BLOCKS = YES;
				GCC_OPTIMIZATION_LEVEL = 0;
				GCC_PREPROCESSOR_DEFINITIONS = (
					"DEBUG=1",
					"$(inherited)",
				);
				GCC_WARN_64_TO_32_BIT_CONVERSION = YES;
				GCC_WARN_ABOUT_RETURN_TYPE = YES_ERROR;
				GCC_WARN_UNDECLARED_SELECTOR = YES;
				GCC_WARN_UNINITIALIZED_AUTOS = YES_AGGRESSIVE;
				GCC_WARN_UNUSED_FUNCTION = YES;
				GCC_WARN_UNUSED_VARIABLE = YES;
				MTL_ENABLE_DEBUG_INFO = INCLUDE_SOURCE;
				MTL_FAST_MATH = YES;
				ONLY_ACTIVE_ARCH = YES;
				SWIFT_ACTIVE_COMPILATION_CONDITIONS = DEBUG;
				SWIFT_OPTIMIZATION_LEVEL = "-Onone";
			};
			name = Debug;
		};
		2A8B695A2813E95A00F62BAD /* Release */ = {
			isa = XCBuildConfiguration;
			buildSettings = {
				ALWAYS_SEARCH_USER_PATHS = NO;
				CLANG_ANALYZER_NONNULL = YES;
				CLANG_ANALYZER_NUMBER_OBJECT_CONVERSION = YES_AGGRESSIVE;
				CLANG_CXX_LANGUAGE_STANDARD = "gnu++17";
				CLANG_ENABLE_MODULES = YES;
				CLANG_ENABLE_OBJC_ARC = YES;
				CLANG_ENABLE_OBJC_WEAK = YES;
				CLANG_WARN_BLOCK_CAPTURE_AUTORELEASING = YES;
				CLANG_WARN_BOOL_CONVERSION = YES;
				CLANG_WARN_COMMA = YES;
				CLANG_WARN_CONSTANT_CONVERSION = YES;
				CLANG_WARN_DEPRECATED_OBJC_IMPLEMENTATIONS = YES;
				CLANG_WARN_DIRECT_OBJC_ISA_USAGE = YES_ERROR;
				CLANG_WARN_DOCUMENTATION_COMMENTS = YES;
				CLANG_WARN_EMPTY_BODY = YES;
				CLANG_WARN_ENUM_CONVERSION = YES;
				CLANG_WARN_INFINITE_RECURSION = YES;
				CLANG_WARN_INT_CONVERSION = YES;
				CLANG_WARN_NON_LITERAL_NULL_CONVERSION = YES;
				CLANG_WARN_OBJC_IMPLICIT_RETAIN_SELF = YES;
				CLANG_WARN_OBJC_LITERAL_CONVERSION = YES;
				CLANG_WARN_OBJC_ROOT_CLASS = YES_ERROR;
				CLANG_WARN_QUOTED_INCLUDE_IN_FRAMEWORK_HEADER = YES;
				CLANG_WARN_RANGE_LOOP_ANALYSIS = YES;
				CLANG_WARN_STRICT_PROTOTYPES = YES;
				CLANG_WARN_SUSPICIOUS_MOVE = YES;
				CLANG_WARN_UNGUARDED_AVAILABILITY = YES_AGGRESSIVE;
				CLANG_WARN_UNREACHABLE_CODE = YES;
				CLANG_WARN__DUPLICATE_METHOD_MATCH = YES;
				COPY_PHASE_STRIP = NO;
				DEBUG_INFORMATION_FORMAT = "dwarf-with-dsym";
				ENABLE_NS_ASSERTIONS = NO;
				ENABLE_STRICT_OBJC_MSGSEND = YES;
				GCC_C_LANGUAGE_STANDARD = gnu11;
				GCC_NO_COMMON_BLOCKS = YES;
				GCC_WARN_64_TO_32_BIT_CONVERSION = YES;
				GCC_WARN_ABOUT_RETURN_TYPE = YES_ERROR;
				GCC_WARN_UNDECLARED_SELECTOR = YES;
				GCC_WARN_UNINITIALIZED_AUTOS = YES_AGGRESSIVE;
				GCC_WARN_UNUSED_FUNCTION = YES;
				GCC_WARN_UNUSED_VARIABLE = YES;
				MTL_ENABLE_DEBUG_INFO = NO;
				MTL_FAST_MATH = YES;
				SWIFT_COMPILATION_MODE = wholemodule;
				SWIFT_OPTIMIZATION_LEVEL = "-O";
			};
			name = Release;
		};
		2A8B695C2813E95A00F62BAD /* Debug */ = {
			isa = XCBuildConfiguration;
			buildSettings = {
				ASSETCATALOG_COMPILER_APPICON_NAME = AppIcon;
				ASSETCATALOG_COMPILER_GLOBAL_ACCENT_COLOR_NAME = AccentColor;
				CODE_SIGN_STYLE = Automatic;
				CURRENT_PROJECT_VERSION = 1;
				DEVELOPMENT_TEAM = 57NMRRAG4X;
				ENABLE_PREVIEWS = YES;
				GENERATE_INFOPLIST_FILE = YES;
				INFOPLIST_KEY_UIApplicationSceneManifest_Generation = YES;
				INFOPLIST_KEY_UIApplicationSupportsIndirectInputEvents = YES;
				INFOPLIST_KEY_UILaunchScreen_Generation = YES;
				INFOPLIST_KEY_UISupportedInterfaceOrientations_iPad = "UIInterfaceOrientationPortrait UIInterfaceOrientationPortraitUpsideDown UIInterfaceOrientationLandscapeLeft UIInterfaceOrientationLandscapeRight";
				INFOPLIST_KEY_UISupportedInterfaceOrientations_iPhone = "UIInterfaceOrientationPortrait UIInterfaceOrientationLandscapeLeft UIInterfaceOrientationLandscapeRight";
				IPHONEOS_DEPLOYMENT_TARGET = 15.4;
				LD_RUNPATH_SEARCH_PATHS = (
					"$(inherited)",
					"@executable_path/Frameworks",
				);
				MARKETING_VERSION = 1.0;
				PRODUCT_BUNDLE_IDENTIFIER = "webruster.voting-app";
				PRODUCT_NAME = voting_app;
				SDKROOT = iphoneos;
				SWIFT_EMIT_LOC_STRINGS = YES;
				SWIFT_VERSION = 5.0;
				TARGETED_DEVICE_FAMILY = "1,2";
			};
			name = Debug;
		};
		2A8B695D2813E95A00F62BAD /* Release */ = {
			isa = XCBuildConfiguration;
			buildSettings = {
				ASSETCATALOG_COMPILER_APPICON_NAME = AppIcon;
				ASSETCATALOG_COMPILER_GLOBAL_ACCENT_COLOR_NAME = AccentColor;
				CODE_SIGN_STYLE = Automatic;
				CURRENT_PROJECT_VERSION = 1;
				DEVELOPMENT_TEAM = 57NMRRAG4X;
				ENABLE_PREVIEWS = YES;
				GENERATE_INFOPLIST_FILE = YES;
				INFOPLIST_KEY_UIApplicationSceneManifest_Generation = YES;
				INFOPLIST_KEY_UIApplicationSupportsIndirectInputEvents = YES;
				INFOPLIST_KEY_UILaunchScreen_Generation = YES;
				INFOPLIST_KEY_UISupportedInterfaceOrientations_iPad = "UIInterfaceOrientationPortrait UIInterfaceOrientationPortraitUpsideDown UIInterfaceOrientationLandscapeLeft UIInterfaceOrientationLandscapeRight";
				INFOPLIST_KEY_UISupportedInterfaceOrientations_iPhone = "UIInterfaceOrientationPortrait UIInterfaceOrientationLandscapeLeft UIInterfaceOrientationLandscapeRight";
				IPHONEOS_DEPLOYMENT_TARGET = 15.4;
				LD_RUNPATH_SEARCH_PATHS = (
					"$(inherited)",
					"@executable_path/Frameworks",
				);
				MARKETING_VERSION = 1.0;
				PRODUCT_BUNDLE_IDENTIFIER = "webruster.voting-app";
				PRODUCT_NAME = voting_app;
				SDKROOT = iphoneos;
				SWIFT_EMIT_LOC_STRINGS = YES;
				SWIFT_VERSION = 5.0;
				TARGETED_DEVICE_FAMILY = "1,2";
				VALIDATE_PRODUCT = YES;
			};
			name = Release;
		};
		2A8B695F2813E95A00F62BAD /* Debug */ = {
			isa = XCBuildConfiguration;
			buildSettings = {
				ASSETCATALOG_COMPILER_APPICON_NAME = AppIcon;
				ASSETCATALOG_COMPILER_GLOBAL_ACCENT_COLOR_NAME = AccentColor;
				CODE_SIGN_ENTITLEMENTS = macOS/macOS.entitlements;
				CODE_SIGN_STYLE = Automatic;
				COMBINE_HIDPI_IMAGES = YES;
				CURRENT_PROJECT_VERSION = 1;
				DEVELOPMENT_TEAM = 57NMRRAG4X;
				ENABLE_HARDENED_RUNTIME = YES;
				ENABLE_PREVIEWS = YES;
				GENERATE_INFOPLIST_FILE = YES;
				INFOPLIST_KEY_NSHumanReadableCopyright = "";
				LD_RUNPATH_SEARCH_PATHS = (
					"$(inherited)",
					"@executable_path/../Frameworks",
				);
				MACOSX_DEPLOYMENT_TARGET = 12.1;
				MARKETING_VERSION = 1.0;
				PRODUCT_BUNDLE_IDENTIFIER = "webruster.voting-app";
				PRODUCT_NAME = voting_app;
				SDKROOT = macosx;
				SWIFT_EMIT_LOC_STRINGS = YES;
				SWIFT_VERSION = 5.0;
			};
			name = Debug;
		};
		2A8B69602813E95A00F62BAD /* Release */ = {
			isa = XCBuildConfiguration;
			buildSettings = {
				ASSETCATALOG_COMPILER_APPICON_NAME = AppIcon;
				ASSETCATALOG_COMPILER_GLOBAL_ACCENT_COLOR_NAME = AccentColor;
				CODE_SIGN_ENTITLEMENTS = macOS/macOS.entitlements;
				CODE_SIGN_STYLE = Automatic;
				COMBINE_HIDPI_IMAGES = YES;
				CURRENT_PROJECT_VERSION = 1;
				DEVELOPMENT_TEAM = 57NMRRAG4X;
				ENABLE_HARDENED_RUNTIME = YES;
				ENABLE_PREVIEWS = YES;
				GENERATE_INFOPLIST_FILE = YES;
				INFOPLIST_KEY_NSHumanReadableCopyright = "";
				LD_RUNPATH_SEARCH_PATHS = (
					"$(inherited)",
					"@executable_path/../Frameworks",
				);
				MACOSX_DEPLOYMENT_TARGET = 12.1;
				MARKETING_VERSION = 1.0;
				PRODUCT_BUNDLE_IDENTIFIER = "webruster.voting-app";
				PRODUCT_NAME = voting_app;
				SDKROOT = macosx;
				SWIFT_EMIT_LOC_STRINGS = YES;
				SWIFT_VERSION = 5.0;
			};
			name = Release;
		};
		2A8B69622813E95A00F62BAD /* Debug */ = {
			isa = XCBuildConfiguration;
			buildSettings = {
				ALWAYS_EMBED_SWIFT_STANDARD_LIBRARIES = YES;
				CODE_SIGN_STYLE = Automatic;
				CURRENT_PROJECT_VERSION = 1;
				DEVELOPMENT_TEAM = 57NMRRAG4X;
				GENERATE_INFOPLIST_FILE = YES;
				IPHONEOS_DEPLOYMENT_TARGET = 15.4;
				MARKETING_VERSION = 1.0;
				PRODUCT_BUNDLE_IDENTIFIER = "webruster.Tests-iOS";
				PRODUCT_NAME = "$(TARGET_NAME)";
				SDKROOT = iphoneos;
				SWIFT_EMIT_LOC_STRINGS = NO;
				SWIFT_VERSION = 5.0;
				TARGETED_DEVICE_FAMILY = "1,2";
				TEST_TARGET_NAME = "voting_app (iOS)";
			};
			name = Debug;
		};
		2A8B69632813E95A00F62BAD /* Release */ = {
			isa = XCBuildConfiguration;
			buildSettings = {
				ALWAYS_EMBED_SWIFT_STANDARD_LIBRARIES = YES;
				CODE_SIGN_STYLE = Automatic;
				CURRENT_PROJECT_VERSION = 1;
				DEVELOPMENT_TEAM = 57NMRRAG4X;
				GENERATE_INFOPLIST_FILE = YES;
				IPHONEOS_DEPLOYMENT_TARGET = 15.4;
				MARKETING_VERSION = 1.0;
				PRODUCT_BUNDLE_IDENTIFIER = "webruster.Tests-iOS";
				PRODUCT_NAME = "$(TARGET_NAME)";
				SDKROOT = iphoneos;
				SWIFT_EMIT_LOC_STRINGS = NO;
				SWIFT_VERSION = 5.0;
				TARGETED_DEVICE_FAMILY = "1,2";
				TEST_TARGET_NAME = "voting_app (iOS)";
				VALIDATE_PRODUCT = YES;
			};
			name = Release;
		};
		2A8B69652813E95A00F62BAD /* Debug */ = {
			isa = XCBuildConfiguration;
			buildSettings = {
				ALWAYS_EMBED_SWIFT_STANDARD_LIBRARIES = YES;
				CODE_SIGN_STYLE = Automatic;
				CURRENT_PROJECT_VERSION = 1;
				DEVELOPMENT_TEAM = 57NMRRAG4X;
				GENERATE_INFOPLIST_FILE = YES;
				MACOSX_DEPLOYMENT_TARGET = 12.1;
				MARKETING_VERSION = 1.0;
				PRODUCT_BUNDLE_IDENTIFIER = "webruster.Tests-macOS";
				PRODUCT_NAME = "$(TARGET_NAME)";
				SDKROOT = macosx;
				SWIFT_EMIT_LOC_STRINGS = NO;
				SWIFT_VERSION = 5.0;
				TEST_TARGET_NAME = "voting_app (macOS)";
			};
			name = Debug;
		};
		2A8B69662813E95A00F62BAD /* Release */ = {
			isa = XCBuildConfiguration;
			buildSettings = {
				ALWAYS_EMBED_SWIFT_STANDARD_LIBRARIES = YES;
				CODE_SIGN_STYLE = Automatic;
				CURRENT_PROJECT_VERSION = 1;
				DEVELOPMENT_TEAM = 57NMRRAG4X;
				GENERATE_INFOPLIST_FILE = YES;
				MACOSX_DEPLOYMENT_TARGET = 12.1;
				MARKETING_VERSION = 1.0;
				PRODUCT_BUNDLE_IDENTIFIER = "webruster.Tests-macOS";
				PRODUCT_NAME = "$(TARGET_NAME)";
				SDKROOT = macosx;
				SWIFT_EMIT_LOC_STRINGS = NO;
				SWIFT_VERSION = 5.0;
				TEST_TARGET_NAME = "voting_app (macOS)";
			};
			name = Release;
		};
/* End XCBuildConfiguration section */

/* Begin XCConfigurationList section */
		2A8B69292813E95700F62BAD /* Build configuration list for PBXProject "voting_app" */ = {
			isa = XCConfigurationList;
			buildConfigurations = (
				2A8B69592813E95A00F62BAD /* Debug */,
				2A8B695A2813E95A00F62BAD /* Release */,
			);
			defaultConfigurationIsVisible = 0;
			defaultConfigurationName = Release;
		};
		2A8B695B2813E95A00F62BAD /* Build configuration list for PBXNativeTarget "voting_app (iOS)" */ = {
			isa = XCConfigurationList;
			buildConfigurations = (
				2A8B695C2813E95A00F62BAD /* Debug */,
				2A8B695D2813E95A00F62BAD /* Release */,
			);
			defaultConfigurationIsVisible = 0;
			defaultConfigurationName = Release;
		};
		2A8B695E2813E95A00F62BAD /* Build configuration list for PBXNativeTarget "voting_app (macOS)" */ = {
			isa = XCConfigurationList;
			buildConfigurations = (
				2A8B695F2813E95A00F62BAD /* Debug */,
				2A8B69602813E95A00F62BAD /* Release */,
			);
			defaultConfigurationIsVisible = 0;
			defaultConfigurationName = Release;
		};
		2A8B69612813E95A00F62BAD /* Build configuration list for PBXNativeTarget "Tests iOS" */ = {
			isa = XCConfigurationList;
			buildConfigurations = (
				2A8B69622813E95A00F62BAD /* Debug */,
				2A8B69632813E95A00F62BAD /* Release */,
			);
			defaultConfigurationIsVisible = 0;
			defaultConfigurationName = Release;
		};
		2A8B69642813E95A00F62BAD /* Build configuration list for PBXNativeTarget "Tests macOS" */ = {
			isa = XCConfigurationList;
			buildConfigurations = (
				2A8B69652813E95A00F62BAD /* Debug */,
				2A8B69662813E95A00F62BAD /* Release */,
			);
			defaultConfigurationIsVisible = 0;
			defaultConfigurationName = Release;
		};
/* End XCConfigurationList section */
	};
	rootObject = 2A8B69262813E95700F62BAD /* Project object */;
}
